
Microsoft Visual Studio Solution File, Format Version 12.00
# Visual Studio Version 17
VisualStudioVersion = 17.10.35122.118
MinimumVisualStudioVersion = 10.0.40219.1
Project("{2150E333-8FDC-42A3-9474-1A3956D46DE8}") = "Services", "Services", "{6C703331-A9D3-44E3-B686-653EA7218A8B}"
EndProject
Project("{2150E333-8FDC-42A3-9474-1A3956D46DE8}") = "Catalog", "Catalog", "{3C2C3DBD-672A-4242-B8E8-A68DF7D637A4}"
EndProject
Project("{9A19103F-16F7-4668-BE54-9A1E7A4F7556}") = "MultiShop.Catalog", "Services\Catalog\MultiShop.Catalog\MultiShop.Catalog.csproj", "{44B05CC5-90F4-40DB-884C-E0108411F402}"
EndProject
Project("{2150E333-8FDC-42A3-9474-1A3956D46DE8}") = "Discount", "Discount", "{8EF73786-9A53-4283-98B2-0067F97D88D8}"
EndProject
Project("{9A19103F-16F7-4668-BE54-9A1E7A4F7556}") = "MultiShop.Discount", "Services\Discount\MultiShop.Discount\MultiShop.Discount.csproj", "{4245EFE2-82A5-4373-93F5-A600C876BC84}"
EndProject
Project("{2150E333-8FDC-42A3-9474-1A3956D46DE8}") = "Order", "Order", "{EEBB9DD2-5B39-4ADB-BB05-A3AFFAF31105}"
EndProject
Project("{2150E333-8FDC-42A3-9474-1A3956D46DE8}") = "Core", "Core", "{64814CD0-AC86-4A93-A55B-F23EC7F55CED}"
EndProject
Project("{2150E333-8FDC-42A3-9474-1A3956D46DE8}") = "Infrastructure", "Infrastructure", "{7A10FAED-0EFF-4911-81D9-D72791990E5E}"
EndProject
Project("{2150E333-8FDC-42A3-9474-1A3956D46DE8}") = "Presentation", "Presentation", "{8D39044B-3FB2-4A22-BF48-48E9D56EA2A7}"
EndProject
Project("{9A19103F-16F7-4668-BE54-9A1E7A4F7556}") = "MultiShop.Order.Domain", "Services\Order\Core\MultiShop.Order.Domain\MultiShop.Order.Domain.csproj", "{50BE104E-1575-44FB-8830-F6324374B756}"
EndProject
Project("{9A19103F-16F7-4668-BE54-9A1E7A4F7556}") = "MultiShop.Order.Application", "Services\Order\Core\MultiShop.Order.Application\MultiShop.Order.Application.csproj", "{B31602C4-0C69-4C65-9988-F323B170634C}"
EndProject
Project("{9A19103F-16F7-4668-BE54-9A1E7A4F7556}") = "MultiShop.Order.Persistance", "Services\Order\Infrastructure\MultiShop.Order.Persistance\MultiShop.Order.Persistance.csproj", "{8F00B03B-70E9-4711-8758-E66FEA6AD2C4}"
EndProject
Project("{9A19103F-16F7-4668-BE54-9A1E7A4F7556}") = "MultiShop.Order.WebApi", "Services\Order\Presentation\MultiShop.Order.WebApi\MultiShop.Order.WebApi.csproj", "{58BE2291-D86D-44FD-B660-C7695884CC24}"
EndProject
Project("{2150E333-8FDC-42A3-9474-1A3956D46DE8}") = "IdentityServer", "IdentityServer", "{0447A8F6-4790-40D8-91C7-5055A7843994}"
EndProject
Project("{9A19103F-16F7-4668-BE54-9A1E7A4F7556}") = "MultiShop.IdentityServer", "IdentityServer\MultiShop.IdentityServer\MultiShop.IdentityServer.csproj", "{330A10B0-69E6-4828-AF22-541EF9D06356}"
EndProject
Project("{2150E333-8FDC-42A3-9474-1A3956D46DE8}") = "Requirements", "Requirements", "{D9B27C5F-BA48-4B9A-855B-F3C78F12BAEC}"
	ProjectSection(SolutionItems) = preProject
		LoginIndex.txt = LoginIndex.txt
		NavbarUI.txt = NavbarUI.txt
		OcelotCodeExample.txt = OcelotCodeExample.txt
		OcelotLink.txt = OcelotLink.txt
		Portnumbers.txt = Portnumbers.txt
	EndProjectSection
EndProject
Project("{2150E333-8FDC-42A3-9474-1A3956D46DE8}") = "Cargo", "Cargo", "{3FFE4519-DF1C-4705-9C34-E3D149955D61}"
EndProject
Project("{9A19103F-16F7-4668-BE54-9A1E7A4F7556}") = "MultiShop.Cargo.EntityLayer", "Services\Cargo\MultiShop.Cargo.EntityLayer\MultiShop.Cargo.EntityLayer.csproj", "{1CFC8C86-C6E6-4610-AACE-7FFD8938BC48}"
EndProject
Project("{9A19103F-16F7-4668-BE54-9A1E7A4F7556}") = "MultiShop.Cargo.BusinessLayer", "Services\Cargo\MultiShop.Cargo.BusinessLayer\MultiShop.Cargo.BusinessLayer.csproj", "{D6C270AF-A75A-426A-A3A4-9F596F9C8C8B}"
EndProject
Project("{9A19103F-16F7-4668-BE54-9A1E7A4F7556}") = "MultiShop.Cargo.DataAccessLayer", "Services\Cargo\MultiShop.Cargo.DataAccessLayer\MultiShop.Cargo.DataAccessLayer.csproj", "{F37C1007-FA19-456D-A175-C0F7D52EA5D6}"
EndProject
Project("{9A19103F-16F7-4668-BE54-9A1E7A4F7556}") = "MultiShop.Cargo.DtoLayer", "Services\Cargo\MultiShop.Cargo.DtoLayer\MultiShop.Cargo.DtoLayer.csproj", "{A96173D6-A873-4859-85A4-D2002E49C851}"
EndProject
Project("{9A19103F-16F7-4668-BE54-9A1E7A4F7556}") = "MultiShop.Cargo.WebApi", "Services\Cargo\MultiShop.Cargo.WebApi\MultiShop.Cargo.WebApi.csproj", "{9452B772-AA9A-48F5-B20D-62E907681CA2}"
EndProject
Project("{2150E333-8FDC-42A3-9474-1A3956D46DE8}") = "Basket", "Basket", "{7AB24DCB-C753-4845-86E1-A376ADDC77C4}"
EndProject
Project("{9A19103F-16F7-4668-BE54-9A1E7A4F7556}") = "MultiShop.Basket", "Services\Basket\MultiShop.Basket\MultiShop.Basket.csproj", "{EF53C596-5726-434F-812C-9785B3102381}"
EndProject
Project("{2150E333-8FDC-42A3-9474-1A3956D46DE8}") = "Frontends", "Frontends", "{864EC882-11CE-4BFC-98F9-248E8D152644}"
EndProject
Project("{9A19103F-16F7-4668-BE54-9A1E7A4F7556}") = "MultiShop.WebUI", "Frontends\MultiShop.WebUI\MultiShop.WebUI.csproj", "{59B07EB3-7586-4671-9615-FC419ECF9F51}"
EndProject
Project("{9A19103F-16F7-4668-BE54-9A1E7A4F7556}") = "MultiShop.DtoLayer", "Frontends\MultiShop.DtoLayer\MultiShop.DtoLayer.csproj", "{0F2DC1B2-76B9-44C0-88F9-A4585C2AC36F}"
EndProject
Project("{2150E333-8FDC-42A3-9474-1A3956D46DE8}") = "Comment", "Comment", "{1F459743-1991-4AD0-9116-78F7FFF827ED}"
EndProject
Project("{9A19103F-16F7-4668-BE54-9A1E7A4F7556}") = "MultiShop.Comment", "Services\Comment\MultiShop.Comment\MultiShop.Comment.csproj", "{43C4AE7E-1A38-41E4-8F7E-AEAC981AAE24}"
EndProject
Project("{2150E333-8FDC-42A3-9474-1A3956D46DE8}") = "ApiGateway", "ApiGateway", "{8E472ED9-18AF-4C81-B429-C11C50F78153}"
EndProject
Project("{2150E333-8FDC-42A3-9474-1A3956D46DE8}") = "RapidApi", "RapidApi", "{93786F0A-6D7B-40D9-BBCD-98E615F183CC}"
EndProject
Project("{9A19103F-16F7-4668-BE54-9A1E7A4F7556}") = "MultiShop.OcelotGateway", "ApiGateway\MultiShop.OcelotGateway\MultiShop.OcelotGateway.csproj", "{1D45EE53-EBF7-41B4-A6E1-7364BAB8F3B9}"
EndProject
Project("{2150E333-8FDC-42A3-9474-1A3956D46DE8}") = "Payment", "Payment", "{E8E70014-989B-4277-ADF6-622AF7CB7710}"
EndProject
Project("{9A19103F-16F7-4668-BE54-9A1E7A4F7556}") = "MultiShop.Payment", "Services\Payment\MultiShop.Payment\MultiShop.Payment.csproj", "{A4A5B43E-E0BA-415A-90D8-AE01E77492DC}"
EndProject
Project("{2150E333-8FDC-42A3-9474-1A3956D46DE8}") = "Images", "Images", "{872504BA-3380-4267-BB2B-D55DB0E7B1D7}"
EndProject
Project("{9A19103F-16F7-4668-BE54-9A1E7A4F7556}") = "MultiShop.Images", "Services\Images\MultiShop.Images\MultiShop.Images.csproj", "{B75BE29F-7AD0-491C-AEE9-7F8FF1E31C6E}"
EndProject
Project("{2150E333-8FDC-42A3-9474-1A3956D46DE8}") = "Message", "Message", "{37327497-B4A0-4525-ADC9-688189008341}"
EndProject
Project("{FAE04EC0-301F-11D3-BF4B-00C04F79EFBC}") = "MultiShop.Message", "Services\Message\MultiShop.Message\MultiShop.Message.csproj", "{3414124B-0A35-4272-9E6E-FEBC461ABD31}"
EndProject
Global
	GlobalSection(SolutionConfigurationPlatforms) = preSolution
		Debug|Any CPU = Debug|Any CPU
		Release|Any CPU = Release|Any CPU
	EndGlobalSection
	GlobalSection(ProjectConfigurationPlatforms) = postSolution
		{44B05CC5-90F4-40DB-884C-E0108411F402}.Debug|Any CPU.ActiveCfg = Debug|Any CPU
		{44B05CC5-90F4-40DB-884C-E0108411F402}.Debug|Any CPU.Build.0 = Debug|Any CPU
		{44B05CC5-90F4-40DB-884C-E0108411F402}.Release|Any CPU.ActiveCfg = Release|Any CPU
		{44B05CC5-90F4-40DB-884C-E0108411F402}.Release|Any CPU.Build.0 = Release|Any CPU
		{4245EFE2-82A5-4373-93F5-A600C876BC84}.Debug|Any CPU.ActiveCfg = Debug|Any CPU
		{4245EFE2-82A5-4373-93F5-A600C876BC84}.Debug|Any CPU.Build.0 = Debug|Any CPU
		{4245EFE2-82A5-4373-93F5-A600C876BC84}.Release|Any CPU.ActiveCfg = Release|Any CPU
		{4245EFE2-82A5-4373-93F5-A600C876BC84}.Release|Any CPU.Build.0 = Release|Any CPU
		{50BE104E-1575-44FB-8830-F6324374B756}.Debug|Any CPU.ActiveCfg = Debug|Any CPU
		{50BE104E-1575-44FB-8830-F6324374B756}.Debug|Any CPU.Build.0 = Debug|Any CPU
		{50BE104E-1575-44FB-8830-F6324374B756}.Release|Any CPU.ActiveCfg = Release|Any CPU
		{50BE104E-1575-44FB-8830-F6324374B756}.Release|Any CPU.Build.0 = Release|Any CPU
		{B31602C4-0C69-4C65-9988-F323B170634C}.Debug|Any CPU.ActiveCfg = Debug|Any CPU
		{B31602C4-0C69-4C65-9988-F323B170634C}.Debug|Any CPU.Build.0 = Debug|Any CPU
		{B31602C4-0C69-4C65-9988-F323B170634C}.Release|Any CPU.ActiveCfg = Release|Any CPU
		{B31602C4-0C69-4C65-9988-F323B170634C}.Release|Any CPU.Build.0 = Release|Any CPU
		{8F00B03B-70E9-4711-8758-E66FEA6AD2C4}.Debug|Any CPU.ActiveCfg = Debug|Any CPU
		{8F00B03B-70E9-4711-8758-E66FEA6AD2C4}.Debug|Any CPU.Build.0 = Debug|Any CPU
		{8F00B03B-70E9-4711-8758-E66FEA6AD2C4}.Release|Any CPU.ActiveCfg = Release|Any CPU
		{8F00B03B-70E9-4711-8758-E66FEA6AD2C4}.Release|Any CPU.Build.0 = Release|Any CPU
		{58BE2291-D86D-44FD-B660-C7695884CC24}.Debug|Any CPU.ActiveCfg = Debug|Any CPU
		{58BE2291-D86D-44FD-B660-C7695884CC24}.Debug|Any CPU.Build.0 = Debug|Any CPU
		{58BE2291-D86D-44FD-B660-C7695884CC24}.Release|Any CPU.ActiveCfg = Release|Any CPU
		{58BE2291-D86D-44FD-B660-C7695884CC24}.Release|Any CPU.Build.0 = Release|Any CPU
		{330A10B0-69E6-4828-AF22-541EF9D06356}.Debug|Any CPU.ActiveCfg = Debug|Any CPU
		{330A10B0-69E6-4828-AF22-541EF9D06356}.Debug|Any CPU.Build.0 = Debug|Any CPU
		{330A10B0-69E6-4828-AF22-541EF9D06356}.Release|Any CPU.ActiveCfg = Release|Any CPU
		{330A10B0-69E6-4828-AF22-541EF9D06356}.Release|Any CPU.Build.0 = Release|Any CPU
		{1CFC8C86-C6E6-4610-AACE-7FFD8938BC48}.Debug|Any CPU.ActiveCfg = Debug|Any CPU
		{1CFC8C86-C6E6-4610-AACE-7FFD8938BC48}.Debug|Any CPU.Build.0 = Debug|Any CPU
		{1CFC8C86-C6E6-4610-AACE-7FFD8938BC48}.Release|Any CPU.ActiveCfg = Release|Any CPU
		{1CFC8C86-C6E6-4610-AACE-7FFD8938BC48}.Release|Any CPU.Build.0 = Release|Any CPU
		{D6C270AF-A75A-426A-A3A4-9F596F9C8C8B}.Debug|Any CPU.ActiveCfg = Debug|Any CPU
		{D6C270AF-A75A-426A-A3A4-9F596F9C8C8B}.Debug|Any CPU.Build.0 = Debug|Any CPU
		{D6C270AF-A75A-426A-A3A4-9F596F9C8C8B}.Release|Any CPU.ActiveCfg = Release|Any CPU
		{D6C270AF-A75A-426A-A3A4-9F596F9C8C8B}.Release|Any CPU.Build.0 = Release|Any CPU
		{F37C1007-FA19-456D-A175-C0F7D52EA5D6}.Debug|Any CPU.ActiveCfg = Debug|Any CPU
		{F37C1007-FA19-456D-A175-C0F7D52EA5D6}.Debug|Any CPU.Build.0 = Debug|Any CPU
		{F37C1007-FA19-456D-A175-C0F7D52EA5D6}.Release|Any CPU.ActiveCfg = Release|Any CPU
		{F37C1007-FA19-456D-A175-C0F7D52EA5D6}.Release|Any CPU.Build.0 = Release|Any CPU
		{A96173D6-A873-4859-85A4-D2002E49C851}.Debug|Any CPU.ActiveCfg = Debug|Any CPU
		{A96173D6-A873-4859-85A4-D2002E49C851}.Debug|Any CPU.Build.0 = Debug|Any CPU
		{A96173D6-A873-4859-85A4-D2002E49C851}.Release|Any CPU.ActiveCfg = Release|Any CPU
		{A96173D6-A873-4859-85A4-D2002E49C851}.Release|Any CPU.Build.0 = Release|Any CPU
		{9452B772-AA9A-48F5-B20D-62E907681CA2}.Debug|Any CPU.ActiveCfg = Debug|Any CPU
		{9452B772-AA9A-48F5-B20D-62E907681CA2}.Debug|Any CPU.Build.0 = Debug|Any CPU
		{9452B772-AA9A-48F5-B20D-62E907681CA2}.Release|Any CPU.ActiveCfg = Release|Any CPU
		{9452B772-AA9A-48F5-B20D-62E907681CA2}.Release|Any CPU.Build.0 = Release|Any CPU
		{EF53C596-5726-434F-812C-9785B3102381}.Debug|Any CPU.ActiveCfg = Debug|Any CPU
		{EF53C596-5726-434F-812C-9785B3102381}.Debug|Any CPU.Build.0 = Debug|Any CPU
		{EF53C596-5726-434F-812C-9785B3102381}.Release|Any CPU.ActiveCfg = Release|Any CPU
		{EF53C596-5726-434F-812C-9785B3102381}.Release|Any CPU.Build.0 = Release|Any CPU
		{59B07EB3-7586-4671-9615-FC419ECF9F51}.Debug|Any CPU.ActiveCfg = Debug|Any CPU
		{59B07EB3-7586-4671-9615-FC419ECF9F51}.Debug|Any CPU.Build.0 = Debug|Any CPU
		{59B07EB3-7586-4671-9615-FC419ECF9F51}.Release|Any CPU.ActiveCfg = Release|Any CPU
		{59B07EB3-7586-4671-9615-FC419ECF9F51}.Release|Any CPU.Build.0 = Release|Any CPU
		{0F2DC1B2-76B9-44C0-88F9-A4585C2AC36F}.Debug|Any CPU.ActiveCfg = Debug|Any CPU
		{0F2DC1B2-76B9-44C0-88F9-A4585C2AC36F}.Debug|Any CPU.Build.0 = Debug|Any CPU
		{0F2DC1B2-76B9-44C0-88F9-A4585C2AC36F}.Release|Any CPU.ActiveCfg = Release|Any CPU
		{0F2DC1B2-76B9-44C0-88F9-A4585C2AC36F}.Release|Any CPU.Build.0 = Release|Any CPU
		{43C4AE7E-1A38-41E4-8F7E-AEAC981AAE24}.Debug|Any CPU.ActiveCfg = Debug|Any CPU
		{43C4AE7E-1A38-41E4-8F7E-AEAC981AAE24}.Debug|Any CPU.Build.0 = Debug|Any CPU
		{43C4AE7E-1A38-41E4-8F7E-AEAC981AAE24}.Release|Any CPU.ActiveCfg = Release|Any CPU
		{43C4AE7E-1A38-41E4-8F7E-AEAC981AAE24}.Release|Any CPU.Build.0 = Release|Any CPU
		{1D45EE53-EBF7-41B4-A6E1-7364BAB8F3B9}.Debug|Any CPU.ActiveCfg = Debug|Any CPU
		{1D45EE53-EBF7-41B4-A6E1-7364BAB8F3B9}.Debug|Any CPU.Build.0 = Debug|Any CPU
		{1D45EE53-EBF7-41B4-A6E1-7364BAB8F3B9}.Release|Any CPU.ActiveCfg = Release|Any CPU
		{1D45EE53-EBF7-41B4-A6E1-7364BAB8F3B9}.Release|Any CPU.Build.0 = Release|Any CPU
		{A4A5B43E-E0BA-415A-90D8-AE01E77492DC}.Debug|Any CPU.ActiveCfg = Debug|Any CPU
		{A4A5B43E-E0BA-415A-90D8-AE01E77492DC}.Debug|Any CPU.Build.0 = Debug|Any CPU
		{A4A5B43E-E0BA-415A-90D8-AE01E77492DC}.Release|Any CPU.ActiveCfg = Release|Any CPU
		{A4A5B43E-E0BA-415A-90D8-AE01E77492DC}.Release|Any CPU.Build.0 = Release|Any CPU
		{B75BE29F-7AD0-491C-AEE9-7F8FF1E31C6E}.Debug|Any CPU.ActiveCfg = Debug|Any CPU
		{B75BE29F-7AD0-491C-AEE9-7F8FF1E31C6E}.Debug|Any CPU.Build.0 = Debug|Any CPU
		{B75BE29F-7AD0-491C-AEE9-7F8FF1E31C6E}.Release|Any CPU.ActiveCfg = Release|Any CPU
		{B75BE29F-7AD0-491C-AEE9-7F8FF1E31C6E}.Release|Any CPU.Build.0 = Release|Any CPU
		{3414124B-0A35-4272-9E6E-FEBC461ABD31}.Debug|Any CPU.ActiveCfg = Debug|Any CPU
		{3414124B-0A35-4272-9E6E-FEBC461ABD31}.Debug|Any CPU.Build.0 = Debug|Any CPU
		{3414124B-0A35-4272-9E6E-FEBC461ABD31}.Release|Any CPU.ActiveCfg = Release|Any CPU
		{3414124B-0A35-4272-9E6E-FEBC461ABD31}.Release|Any CPU.Build.0 = Release|Any CPU
	EndGlobalSection
	GlobalSection(SolutionProperties) = preSolution
		HideSolutionNode = FALSE
	EndGlobalSection
	GlobalSection(NestedProjects) = preSolution
		{3C2C3DBD-672A-4242-B8E8-A68DF7D637A4} = {6C703331-A9D3-44E3-B686-653EA7218A8B}
		{44B05CC5-90F4-40DB-884C-E0108411F402} = {3C2C3DBD-672A-4242-B8E8-A68DF7D637A4}
		{8EF73786-9A53-4283-98B2-0067F97D88D8} = {6C703331-A9D3-44E3-B686-653EA7218A8B}
		{4245EFE2-82A5-4373-93F5-A600C876BC84} = {8EF73786-9A53-4283-98B2-0067F97D88D8}
		{EEBB9DD2-5B39-4ADB-BB05-A3AFFAF31105} = {6C703331-A9D3-44E3-B686-653EA7218A8B}
		{64814CD0-AC86-4A93-A55B-F23EC7F55CED} = {EEBB9DD2-5B39-4ADB-BB05-A3AFFAF31105}
		{7A10FAED-0EFF-4911-81D9-D72791990E5E} = {EEBB9DD2-5B39-4ADB-BB05-A3AFFAF31105}
		{8D39044B-3FB2-4A22-BF48-48E9D56EA2A7} = {EEBB9DD2-5B39-4ADB-BB05-A3AFFAF31105}
		{50BE104E-1575-44FB-8830-F6324374B756} = {64814CD0-AC86-4A93-A55B-F23EC7F55CED}
		{B31602C4-0C69-4C65-9988-F323B170634C} = {64814CD0-AC86-4A93-A55B-F23EC7F55CED}
		{8F00B03B-70E9-4711-8758-E66FEA6AD2C4} = {7A10FAED-0EFF-4911-81D9-D72791990E5E}
		{58BE2291-D86D-44FD-B660-C7695884CC24} = {8D39044B-3FB2-4A22-BF48-48E9D56EA2A7}
		{330A10B0-69E6-4828-AF22-541EF9D06356} = {0447A8F6-4790-40D8-91C7-5055A7843994}
		{3FFE4519-DF1C-4705-9C34-E3D149955D61} = {6C703331-A9D3-44E3-B686-653EA7218A8B}
		{1CFC8C86-C6E6-4610-AACE-7FFD8938BC48} = {3FFE4519-DF1C-4705-9C34-E3D149955D61}
		{D6C270AF-A75A-426A-A3A4-9F596F9C8C8B} = {3FFE4519-DF1C-4705-9C34-E3D149955D61}
		{F37C1007-FA19-456D-A175-C0F7D52EA5D6} = {3FFE4519-DF1C-4705-9C34-E3D149955D61}
		{A96173D6-A873-4859-85A4-D2002E49C851} = {3FFE4519-DF1C-4705-9C34-E3D149955D61}
		{9452B772-AA9A-48F5-B20D-62E907681CA2} = {3FFE4519-DF1C-4705-9C34-E3D149955D61}
		{7AB24DCB-C753-4845-86E1-A376ADDC77C4} = {6C703331-A9D3-44E3-B686-653EA7218A8B}
		{EF53C596-5726-434F-812C-9785B3102381} = {7AB24DCB-C753-4845-86E1-A376ADDC77C4}
		{59B07EB3-7586-4671-9615-FC419ECF9F51} = {864EC882-11CE-4BFC-98F9-248E8D152644}
		{0F2DC1B2-76B9-44C0-88F9-A4585C2AC36F} = {864EC882-11CE-4BFC-98F9-248E8D152644}
		{1F459743-1991-4AD0-9116-78F7FFF827ED} = {6C703331-A9D3-44E3-B686-653EA7218A8B}
		{43C4AE7E-1A38-41E4-8F7E-AEAC981AAE24} = {1F459743-1991-4AD0-9116-78F7FFF827ED}
		{1D45EE53-EBF7-41B4-A6E1-7364BAB8F3B9} = {8E472ED9-18AF-4C81-B429-C11C50F78153}
		{E8E70014-989B-4277-ADF6-622AF7CB7710} = {6C703331-A9D3-44E3-B686-653EA7218A8B}
		{A4A5B43E-E0BA-415A-90D8-AE01E77492DC} = {E8E70014-989B-4277-ADF6-622AF7CB7710}
		{872504BA-3380-4267-BB2B-D55DB0E7B1D7} = {6C703331-A9D3-44E3-B686-653EA7218A8B}
		{B75BE29F-7AD0-491C-AEE9-7F8FF1E31C6E} = {872504BA-3380-4267-BB2B-D55DB0E7B1D7}
		{37327497-B4A0-4525-ADC9-688189008341} = {6C703331-A9D3-44E3-B686-653EA7218A8B}
		{3414124B-0A35-4272-9E6E-FEBC461ABD31} = {37327497-B4A0-4525-ADC9-688189008341}
	EndGlobalSection
	GlobalSection(ExtensibilityGlobals) = postSolution
		SolutionGuid = {F39C81DE-BCD0-45E3-BBCE-158F8DE43381}
	EndGlobalSection
EndGlobal
